{
  "name": "hitung_nilai",
  "version": "1.0.0",
  "lockfileVersion": 3,
  "requires": true,
  "packages": {
    "": {
      "name": "hitung_nilai",
      "version": "1.0.0",
      "license": "ISC",
      "dependencies": {
        "10_library": "file:../10_library"
      }
    },
    "../10_library": {
      "version": "1.0.0",
      "license": "ISC"
    },
    "node_modules/10_library": {
      "resolved": "../10_library",
      "link": true
    }
  }
}
